{
  "pins" : [
    {
      "identity" : "coregraphicsplus",
      "kind" : "remoteSourceControl",
      "location" : "https://github.com/danielinoa/CoreGraphicsPlus.git",
      "state" : {
        "branch" : "main",
        "revision" : "29fd77181ef4b38556936193a89cd7e7d18b54c2"
      }
    },
    {
      "identity" : "rectangular",
      "kind" : "remoteSourceControl",
      "location" : "https://github.com/danielinoa/Rectangular",
      "state" : {
        "branch" : "main",
        "revision" : "24d86220c80a007d742844d3acc9f783a261916a"
      }
    },
    {
      "identity" : "swift-collections",
      "kind" : "remoteSourceControl",
      "location" : "https://github.com/apple/swift-collections.git",
      "state" : {
        "branch" : "main",
        "revision" : "c60d2f274d61550ca7a80b5306d23235c5f5f85b"
      }
    },
    {
      "identity" : "swiftplus",
      "kind" : "remoteSourceControl",
      "location" : "https://github.com/danielinoa/SwiftPlus.git",
      "state" : {
        "branch" : "main",
        "revision" : "e6031c7a6c6e3ee6f3444e96bfd76119f8141d03"
      }
    }
  ],
  "version" : 2
}
