{
  "pins" : [
    {
      "identity" : "arrange",
      "kind" : "remoteSourceControl",
      "location" : "https://github.com/danielinoa/Arrange",
      "state" : {
        "branch" : "main",
        "revision" : "34c7ba56d8458b643ad48c3c1e1375fb2f8df93a"
      }
    },
    {
      "identity" : "coregraphicsplus",
      "kind" : "remoteSourceControl",
      "location" : "https://github.com/danielinoa/CoreGraphicsPlus.git",
      "state" : {
        "branch" : "main",
        "revision" : "29fd77181ef4b38556936193a89cd7e7d18b54c2"
      }
    },
    {
      "identity" : "swiftplus",
      "kind" : "remoteSourceControl",
      "location" : "https://github.com/danielinoa/SwiftPlus.git",
      "state" : {
        "branch" : "main",
        "revision" : "b0b8d5f4c7559406f0ac3235c6813668ef2bcb8c"
      }
    }
  ],
  "version" : 2
}
