{
  "originHash" : "1a57bc91a55cc3d028f8f320f7c3d44996b3a5146d3f2ecd09dd65b35b29b5a5",
  "pins" : [
    {
      "identity" : "arrange",
      "kind" : "remoteSourceControl",
      "location" : "https://github.com/danielinoa/Arrange",
      "state" : {
        "branch" : "main",
        "revision" : "3ca8d8d6a7fb2fc276c7615f228f667947062739"
      }
    },
    {
      "identity" : "coregraphicsplus",
      "kind" : "remoteSourceControl",
      "location" : "https://github.com/danielinoa/CoreGraphicsPlus.git",
      "state" : {
        "branch" : "main",
        "revision" : "29fd77181ef4b38556936193a89cd7e7d18b54c2"
      }
    },
    {
      "identity" : "swiftplus",
      "kind" : "remoteSourceControl",
      "location" : "https://github.com/danielinoa/SwiftPlus.git",
      "state" : {
        "branch" : "main",
        "revision" : "b0b8d5f4c7559406f0ac3235c6813668ef2bcb8c"
      }
    }
  ],
  "version" : 3
}
